
Microsoft Visual Studio Solution File, Format Version 11.00
# Visual Studio 2010
Project("{FAE04EC0-301F-11D3-BF4B-00C04F79EFBC}") = "Oculus.Platform", "Oculus.Platform.csproj", "{FBFE83D7-9CFE-48CC-C233-45C0EAFB7091}"
EndProject
Project("{FAE04EC0-301F-11D3-BF4B-00C04F79EFBC}") = "Assembly-CSharp", "Assembly-CSharp.csproj", "{1C2D69F5-F6FB-36F1-F376-09F9831402C3}"
EndProject
Project("{FAE04EC0-301F-11D3-BF4B-00C04F79EFBC}") = "Oculus.Spatializer", "Oculus.Spatializer.csproj", "{30B3909A-FF2B-4F68-BF86-844522E542CA}"
EndProject
Project("{FAE04EC0-301F-11D3-BF4B-00C04F79EFBC}") = "Oculus.Interaction", "Oculus.Interaction.csproj", "{5CBF267B-0556-711A-D76E-A4B674CDBBE3}"
EndProject
Project("{FAE04EC0-301F-11D3-BF4B-00C04F79EFBC}") = "Facebook.WitAI", "Facebook.WitAI.csproj", "{EFC69D6D-108F-4912-2999-40D40D4968C0}"
EndProject
Project("{FAE04EC0-301F-11D3-BF4B-00C04F79EFBC}") = "Oculus.VR", "Oculus.VR.csproj", "{B5BE8A00-4E13-0717-433F-78C37CC4E68A}"
EndProject
Project("{FAE04EC0-301F-11D3-BF4B-00C04F79EFBC}") = "Oculus.Interaction.Samples", "Oculus.Interaction.Samples.csproj", "{1B3B67A7-EA66-7673-D2A8-B41096830C75}"
EndProject
Project("{FAE04EC0-301F-11D3-BF4B-00C04F79EFBC}") = "Facebook.Wit.TTS", "Facebook.Wit.TTS.csproj", "{6EBEB113-FB71-3327-F53F-49270BEF3959}"
EndProject
Project("{FAE04EC0-301F-11D3-BF4B-00C04F79EFBC}") = "Oculus.AudioManager", "Oculus.AudioManager.csproj", "{63C182D9-FD26-3C2F-A9F2-FCD5FD60E9D9}"
EndProject
Project("{FAE04EC0-301F-11D3-BF4B-00C04F79EFBC}") = "VoiceSDK.Runtime", "VoiceSDK.Runtime.csproj", "{B8A5F3CD-72D4-D004-7211-B5F47C806893}"
EndProject
Project("{FAE04EC0-301F-11D3-BF4B-00C04F79EFBC}") = "Oculus.Voice.Demo", "Oculus.Voice.Demo.csproj", "{9DC630CD-69E5-3E7D-3D82-453D558F6B85}"
EndProject
Project("{FAE04EC0-301F-11D3-BF4B-00C04F79EFBC}") = "AssistantCoreSDKRuntime", "AssistantCoreSDKRuntime.csproj", "{84956126-AE57-F575-66D7-157F2E59012D}"
EndProject
Project("{FAE04EC0-301F-11D3-BF4B-00C04F79EFBC}") = "Oculus.LipSync", "Oculus.LipSync.csproj", "{E3BC740B-AA52-78FA-9EFA-5E140C30113A}"
EndProject
Project("{FAE04EC0-301F-11D3-BF4B-00C04F79EFBC}") = "Facebook.Wit.TTS.Samples", "Facebook.Wit.TTS.Samples.csproj", "{60B9DF3D-E732-BC40-4FFC-87B29BE99F0A}"
EndProject
Project("{FAE04EC0-301F-11D3-BF4B-00C04F79EFBC}") = "Oculus.Interaction.Editor", "Oculus.Interaction.Editor.csproj", "{A9F8C47D-7AF4-26EE-4A9D-09C511C1900F}"
EndProject
Project("{FAE04EC0-301F-11D3-BF4B-00C04F79EFBC}") = "Facebook.Wit.Editor", "Facebook.Wit.Editor.csproj", "{EA9AB21D-A61A-F34E-EED3-322689778C1C}"
EndProject
Project("{FAE04EC0-301F-11D3-BF4B-00C04F79EFBC}") = "Assembly-CSharp-Editor", "Assembly-CSharp-Editor.csproj", "{DF6F3AB8-B3EA-6A88-6AF3-4FF8FD5C74A1}"
EndProject
Project("{FAE04EC0-301F-11D3-BF4B-00C04F79EFBC}") = "Oculus.Interaction.Samples.Editor", "Oculus.Interaction.Samples.Editor.csproj", "{588ECDED-DF92-3DE8-D705-7FC3C2EF8619}"
EndProject
Project("{FAE04EC0-301F-11D3-BF4B-00C04F79EFBC}") = "Oculus.VR.Editor", "Oculus.VR.Editor.csproj", "{B87C5A19-6F96-6408-6E86-EB72829149AD}"
EndProject
Project("{FAE04EC0-301F-11D3-BF4B-00C04F79EFBC}") = "VoiceSDK.Editor", "VoiceSDK.Editor.csproj", "{E92E9080-18C8-62D1-0858-0328EF23203F}"
EndProject
Project("{FAE04EC0-301F-11D3-BF4B-00C04F79EFBC}") = "Facebook.Wit.TTS.Editor", "Facebook.Wit.TTS.Editor.csproj", "{DD18790B-5DF9-8E92-F5C7-F9621F6E3239}"
EndProject
Project("{FAE04EC0-301F-11D3-BF4B-00C04F79EFBC}") = "Oculus.Platform.Editor", "Oculus.Platform.Editor.csproj", "{AF93F321-6A44-6060-99BB-5A9907B30125}"
EndProject
Project("{FAE04EC0-301F-11D3-BF4B-00C04F79EFBC}") = "Oculus.Spatializer.Editor", "Oculus.Spatializer.Editor.csproj", "{3ADBBE72-81AA-4CC4-808D-27D325331A90}"
EndProject
Project("{FAE04EC0-301F-11D3-BF4B-00C04F79EFBC}") = "Oculus.AudioManager.Audio.Editor", "Oculus.AudioManager.Audio.Editor.csproj", "{7C46A688-FA45-5C1A-99B9-59DDB1980F07}"
EndProject
Project("{FAE04EC0-301F-11D3-BF4B-00C04F79EFBC}") = "Oculus.Interaction.InterfaceSupport", "Oculus.Interaction.InterfaceSupport.csproj", "{9F637DD6-E541-992E-D4C6-1D07708B01EA}"
EndProject
Project("{FAE04EC0-301F-11D3-BF4B-00C04F79EFBC}") = "Oculus.VR.Scripts.Editor", "Oculus.VR.Scripts.Editor.csproj", "{C5BECBB3-6FB3-A4C6-54E0-9D79865251AD}"
EndProject
Project("{FAE04EC0-301F-11D3-BF4B-00C04F79EFBC}") = "Oculus.LipSync.Editor", "Oculus.LipSync.Editor.csproj", "{B2AC156F-7A28-F401-85BC-8B83464FA0CC}"
EndProject
Project("{FAE04EC0-301F-11D3-BF4B-00C04F79EFBC}") = "AssistantCoreSDKEditor", "AssistantCoreSDKEditor.csproj", "{51E4A24C-1ED4-ECED-DCA7-F60BB22A3034}"
EndProject
Project("{FAE04EC0-301F-11D3-BF4B-00C04F79EFBC}") = "Oculus.AudioManager.Utils.Editor", "Oculus.AudioManager.Utils.Editor.csproj", "{89353C43-EF8F-12F7-1FA3-A7292AE7B54C}"
EndProject
Global
	GlobalSection(SolutionConfigurationPlatforms) = preSolution
		Debug|Any CPU = Debug|Any CPU
		Release|Any CPU = Release|Any CPU
	EndGlobalSection
	GlobalSection(ProjectConfigurationPlatforms) = postSolution
		{FBFE83D7-9CFE-48CC-C233-45C0EAFB7091}.Debug|Any CPU.ActiveCfg = Debug|Any CPU
		{FBFE83D7-9CFE-48CC-C233-45C0EAFB7091}.Debug|Any CPU.Build.0 = Debug|Any CPU
		{FBFE83D7-9CFE-48CC-C233-45C0EAFB7091}.Release|Any CPU.ActiveCfg = Release|Any CPU
		{FBFE83D7-9CFE-48CC-C233-45C0EAFB7091}.Release|Any CPU.Build.0 = Release|Any CPU
		{1C2D69F5-F6FB-36F1-F376-09F9831402C3}.Debug|Any CPU.ActiveCfg = Debug|Any CPU
		{1C2D69F5-F6FB-36F1-F376-09F9831402C3}.Debug|Any CPU.Build.0 = Debug|Any CPU
		{1C2D69F5-F6FB-36F1-F376-09F9831402C3}.Release|Any CPU.ActiveCfg = Release|Any CPU
		{1C2D69F5-F6FB-36F1-F376-09F9831402C3}.Release|Any CPU.Build.0 = Release|Any CPU
		{30B3909A-FF2B-4F68-BF86-844522E542CA}.Debug|Any CPU.ActiveCfg = Debug|Any CPU
		{30B3909A-FF2B-4F68-BF86-844522E542CA}.Debug|Any CPU.Build.0 = Debug|Any CPU
		{30B3909A-FF2B-4F68-BF86-844522E542CA}.Release|Any CPU.ActiveCfg = Release|Any CPU
		{30B3909A-FF2B-4F68-BF86-844522E542CA}.Release|Any CPU.Build.0 = Release|Any CPU
		{5CBF267B-0556-711A-D76E-A4B674CDBBE3}.Debug|Any CPU.ActiveCfg = Debug|Any CPU
		{5CBF267B-0556-711A-D76E-A4B674CDBBE3}.Debug|Any CPU.Build.0 = Debug|Any CPU
		{5CBF267B-0556-711A-D76E-A4B674CDBBE3}.Release|Any CPU.ActiveCfg = Release|Any CPU
		{5CBF267B-0556-711A-D76E-A4B674CDBBE3}.Release|Any CPU.Build.0 = Release|Any CPU
		{EFC69D6D-108F-4912-2999-40D40D4968C0}.Debug|Any CPU.ActiveCfg = Debug|Any CPU
		{EFC69D6D-108F-4912-2999-40D40D4968C0}.Debug|Any CPU.Build.0 = Debug|Any CPU
		{EFC69D6D-108F-4912-2999-40D40D4968C0}.Release|Any CPU.ActiveCfg = Release|Any CPU
		{EFC69D6D-108F-4912-2999-40D40D4968C0}.Release|Any CPU.Build.0 = Release|Any CPU
		{B5BE8A00-4E13-0717-433F-78C37CC4E68A}.Debug|Any CPU.ActiveCfg = Debug|Any CPU
		{B5BE8A00-4E13-0717-433F-78C37CC4E68A}.Debug|Any CPU.Build.0 = Debug|Any CPU
		{B5BE8A00-4E13-0717-433F-78C37CC4E68A}.Release|Any CPU.ActiveCfg = Release|Any CPU
		{B5BE8A00-4E13-0717-433F-78C37CC4E68A}.Release|Any CPU.Build.0 = Release|Any CPU
		{1B3B67A7-EA66-7673-D2A8-B41096830C75}.Debug|Any CPU.ActiveCfg = Debug|Any CPU
		{1B3B67A7-EA66-7673-D2A8-B41096830C75}.Debug|Any CPU.Build.0 = Debug|Any CPU
		{1B3B67A7-EA66-7673-D2A8-B41096830C75}.Release|Any CPU.ActiveCfg = Release|Any CPU
		{1B3B67A7-EA66-7673-D2A8-B41096830C75}.Release|Any CPU.Build.0 = Release|Any CPU
		{6EBEB113-FB71-3327-F53F-49270BEF3959}.Debug|Any CPU.ActiveCfg = Debug|Any CPU
		{6EBEB113-FB71-3327-F53F-49270BEF3959}.Debug|Any CPU.Build.0 = Debug|Any CPU
		{6EBEB113-FB71-3327-F53F-49270BEF3959}.Release|Any CPU.ActiveCfg = Release|Any CPU
		{6EBEB113-FB71-3327-F53F-49270BEF3959}.Release|Any CPU.Build.0 = Release|Any CPU
		{63C182D9-FD26-3C2F-A9F2-FCD5FD60E9D9}.Debug|Any CPU.ActiveCfg = Debug|Any CPU
		{63C182D9-FD26-3C2F-A9F2-FCD5FD60E9D9}.Debug|Any CPU.Build.0 = Debug|Any CPU
		{63C182D9-FD26-3C2F-A9F2-FCD5FD60E9D9}.Release|Any CPU.ActiveCfg = Release|Any CPU
		{63C182D9-FD26-3C2F-A9F2-FCD5FD60E9D9}.Release|Any CPU.Build.0 = Release|Any CPU
		{B8A5F3CD-72D4-D004-7211-B5F47C806893}.Debug|Any CPU.ActiveCfg = Debug|Any CPU
		{B8A5F3CD-72D4-D004-7211-B5F47C806893}.Debug|Any CPU.Build.0 = Debug|Any CPU
		{B8A5F3CD-72D4-D004-7211-B5F47C806893}.Release|Any CPU.ActiveCfg = Release|Any CPU
		{B8A5F3CD-72D4-D004-7211-B5F47C806893}.Release|Any CPU.Build.0 = Release|Any CPU
		{9DC630CD-69E5-3E7D-3D82-453D558F6B85}.Debug|Any CPU.ActiveCfg = Debug|Any CPU
		{9DC630CD-69E5-3E7D-3D82-453D558F6B85}.Debug|Any CPU.Build.0 = Debug|Any CPU
		{9DC630CD-69E5-3E7D-3D82-453D558F6B85}.Release|Any CPU.ActiveCfg = Release|Any CPU
		{9DC630CD-69E5-3E7D-3D82-453D558F6B85}.Release|Any CPU.Build.0 = Release|Any CPU
		{84956126-AE57-F575-66D7-157F2E59012D}.Debug|Any CPU.ActiveCfg = Debug|Any CPU
		{84956126-AE57-F575-66D7-157F2E59012D}.Debug|Any CPU.Build.0 = Debug|Any CPU
		{84956126-AE57-F575-66D7-157F2E59012D}.Release|Any CPU.ActiveCfg = Release|Any CPU
		{84956126-AE57-F575-66D7-157F2E59012D}.Release|Any CPU.Build.0 = Release|Any CPU
		{E3BC740B-AA52-78FA-9EFA-5E140C30113A}.Debug|Any CPU.ActiveCfg = Debug|Any CPU
		{E3BC740B-AA52-78FA-9EFA-5E140C30113A}.Debug|Any CPU.Build.0 = Debug|Any CPU
		{E3BC740B-AA52-78FA-9EFA-5E140C30113A}.Release|Any CPU.ActiveCfg = Release|Any CPU
		{E3BC740B-AA52-78FA-9EFA-5E140C30113A}.Release|Any CPU.Build.0 = Release|Any CPU
		{60B9DF3D-E732-BC40-4FFC-87B29BE99F0A}.Debug|Any CPU.ActiveCfg = Debug|Any CPU
		{60B9DF3D-E732-BC40-4FFC-87B29BE99F0A}.Debug|Any CPU.Build.0 = Debug|Any CPU
		{60B9DF3D-E732-BC40-4FFC-87B29BE99F0A}.Release|Any CPU.ActiveCfg = Release|Any CPU
		{60B9DF3D-E732-BC40-4FFC-87B29BE99F0A}.Release|Any CPU.Build.0 = Release|Any CPU
		{A9F8C47D-7AF4-26EE-4A9D-09C511C1900F}.Debug|Any CPU.ActiveCfg = Debug|Any CPU
		{A9F8C47D-7AF4-26EE-4A9D-09C511C1900F}.Debug|Any CPU.Build.0 = Debug|Any CPU
		{A9F8C47D-7AF4-26EE-4A9D-09C511C1900F}.Release|Any CPU.ActiveCfg = Release|Any CPU
		{A9F8C47D-7AF4-26EE-4A9D-09C511C1900F}.Release|Any CPU.Build.0 = Release|Any CPU
		{EA9AB21D-A61A-F34E-EED3-322689778C1C}.Debug|Any CPU.ActiveCfg = Debug|Any CPU
		{EA9AB21D-A61A-F34E-EED3-322689778C1C}.Debug|Any CPU.Build.0 = Debug|Any CPU
		{EA9AB21D-A61A-F34E-EED3-322689778C1C}.Release|Any CPU.ActiveCfg = Release|Any CPU
		{EA9AB21D-A61A-F34E-EED3-322689778C1C}.Release|Any CPU.Build.0 = Release|Any CPU
		{DF6F3AB8-B3EA-6A88-6AF3-4FF8FD5C74A1}.Debug|Any CPU.ActiveCfg = Debug|Any CPU
		{DF6F3AB8-B3EA-6A88-6AF3-4FF8FD5C74A1}.Debug|Any CPU.Build.0 = Debug|Any CPU
		{DF6F3AB8-B3EA-6A88-6AF3-4FF8FD5C74A1}.Release|Any CPU.ActiveCfg = Release|Any CPU
		{DF6F3AB8-B3EA-6A88-6AF3-4FF8FD5C74A1}.Release|Any CPU.Build.0 = Release|Any CPU
		{588ECDED-DF92-3DE8-D705-7FC3C2EF8619}.Debug|Any CPU.ActiveCfg = Debug|Any CPU
		{588ECDED-DF92-3DE8-D705-7FC3C2EF8619}.Debug|Any CPU.Build.0 = Debug|Any CPU
		{588ECDED-DF92-3DE8-D705-7FC3C2EF8619}.Release|Any CPU.ActiveCfg = Release|Any CPU
		{588ECDED-DF92-3DE8-D705-7FC3C2EF8619}.Release|Any CPU.Build.0 = Release|Any CPU
		{B87C5A19-6F96-6408-6E86-EB72829149AD}.Debug|Any CPU.ActiveCfg = Debug|Any CPU
		{B87C5A19-6F96-6408-6E86-EB72829149AD}.Debug|Any CPU.Build.0 = Debug|Any CPU
		{B87C5A19-6F96-6408-6E86-EB72829149AD}.Release|Any CPU.ActiveCfg = Release|Any CPU
		{B87C5A19-6F96-6408-6E86-EB72829149AD}.Release|Any CPU.Build.0 = Release|Any CPU
		{E92E9080-18C8-62D1-0858-0328EF23203F}.Debug|Any CPU.ActiveCfg = Debug|Any CPU
		{E92E9080-18C8-62D1-0858-0328EF23203F}.Debug|Any CPU.Build.0 = Debug|Any CPU
		{E92E9080-18C8-62D1-0858-0328EF23203F}.Release|Any CPU.ActiveCfg = Release|Any CPU
		{E92E9080-18C8-62D1-0858-0328EF23203F}.Release|Any CPU.Build.0 = Release|Any CPU
		{DD18790B-5DF9-8E92-F5C7-F9621F6E3239}.Debug|Any CPU.ActiveCfg = Debug|Any CPU
		{DD18790B-5DF9-8E92-F5C7-F9621F6E3239}.Debug|Any CPU.Build.0 = Debug|Any CPU
		{DD18790B-5DF9-8E92-F5C7-F9621F6E3239}.Release|Any CPU.ActiveCfg = Release|Any CPU
		{DD18790B-5DF9-8E92-F5C7-F9621F6E3239}.Release|Any CPU.Build.0 = Release|Any CPU
		{AF93F321-6A44-6060-99BB-5A9907B30125}.Debug|Any CPU.ActiveCfg = Debug|Any CPU
		{AF93F321-6A44-6060-99BB-5A9907B30125}.Debug|Any CPU.Build.0 = Debug|Any CPU
		{AF93F321-6A44-6060-99BB-5A9907B30125}.Release|Any CPU.ActiveCfg = Release|Any CPU
		{AF93F321-6A44-6060-99BB-5A9907B30125}.Release|Any CPU.Build.0 = Release|Any CPU
		{3ADBBE72-81AA-4CC4-808D-27D325331A90}.Debug|Any CPU.ActiveCfg = Debug|Any CPU
		{3ADBBE72-81AA-4CC4-808D-27D325331A90}.Debug|Any CPU.Build.0 = Debug|Any CPU
		{3ADBBE72-81AA-4CC4-808D-27D325331A90}.Release|Any CPU.ActiveCfg = Release|Any CPU
		{3ADBBE72-81AA-4CC4-808D-27D325331A90}.Release|Any CPU.Build.0 = Release|Any CPU
		{7C46A688-FA45-5C1A-99B9-59DDB1980F07}.Debug|Any CPU.ActiveCfg = Debug|Any CPU
		{7C46A688-FA45-5C1A-99B9-59DDB1980F07}.Debug|Any CPU.Build.0 = Debug|Any CPU
		{7C46A688-FA45-5C1A-99B9-59DDB1980F07}.Release|Any CPU.ActiveCfg = Release|Any CPU
		{7C46A688-FA45-5C1A-99B9-59DDB1980F07}.Release|Any CPU.Build.0 = Release|Any CPU
		{9F637DD6-E541-992E-D4C6-1D07708B01EA}.Debug|Any CPU.ActiveCfg = Debug|Any CPU
		{9F637DD6-E541-992E-D4C6-1D07708B01EA}.Debug|Any CPU.Build.0 = Debug|Any CPU
		{9F637DD6-E541-992E-D4C6-1D07708B01EA}.Release|Any CPU.ActiveCfg = Release|Any CPU
		{9F637DD6-E541-992E-D4C6-1D07708B01EA}.Release|Any CPU.Build.0 = Release|Any CPU
		{C5BECBB3-6FB3-A4C6-54E0-9D79865251AD}.Debug|Any CPU.ActiveCfg = Debug|Any CPU
		{C5BECBB3-6FB3-A4C6-54E0-9D79865251AD}.Debug|Any CPU.Build.0 = Debug|Any CPU
		{C5BECBB3-6FB3-A4C6-54E0-9D79865251AD}.Release|Any CPU.ActiveCfg = Release|Any CPU
		{C5BECBB3-6FB3-A4C6-54E0-9D79865251AD}.Release|Any CPU.Build.0 = Release|Any CPU
		{B2AC156F-7A28-F401-85BC-8B83464FA0CC}.Debug|Any CPU.ActiveCfg = Debug|Any CPU
		{B2AC156F-7A28-F401-85BC-8B83464FA0CC}.Debug|Any CPU.Build.0 = Debug|Any CPU
		{B2AC156F-7A28-F401-85BC-8B83464FA0CC}.Release|Any CPU.ActiveCfg = Release|Any CPU
		{B2AC156F-7A28-F401-85BC-8B83464FA0CC}.Release|Any CPU.Build.0 = Release|Any CPU
		{51E4A24C-1ED4-ECED-DCA7-F60BB22A3034}.Debug|Any CPU.ActiveCfg = Debug|Any CPU
		{51E4A24C-1ED4-ECED-DCA7-F60BB22A3034}.Debug|Any CPU.Build.0 = Debug|Any CPU
		{51E4A24C-1ED4-ECED-DCA7-F60BB22A3034}.Release|Any CPU.ActiveCfg = Release|Any CPU
		{51E4A24C-1ED4-ECED-DCA7-F60BB22A3034}.Release|Any CPU.Build.0 = Release|Any CPU
		{89353C43-EF8F-12F7-1FA3-A7292AE7B54C}.Debug|Any CPU.ActiveCfg = Debug|Any CPU
		{89353C43-EF8F-12F7-1FA3-A7292AE7B54C}.Debug|Any CPU.Build.0 = Debug|Any CPU
		{89353C43-EF8F-12F7-1FA3-A7292AE7B54C}.Release|Any CPU.ActiveCfg = Release|Any CPU
		{89353C43-EF8F-12F7-1FA3-A7292AE7B54C}.Release|Any CPU.Build.0 = Release|Any CPU
	EndGlobalSection
	GlobalSection(SolutionProperties) = preSolution
		HideSolutionNode = FALSE
	EndGlobalSection
EndGlobal
